
Microsoft Visual Studio Solution File, Format Version 12.00
# Visual Studio 14
VisualStudioVersion = 14.0.25420.1
MinimumVisualStudioVersion = 10.0.40219.1
Project("{8BC9CEB8-8B4A-11D0-8D11-00A0C91BC942}") = "Notepad2e", "Notepad2e.vcxproj", "{B69A8C7E-A22D-45DA-9997-2D1403C7AEE8}"
	ProjectSection(ProjectDependencies) = postProject
		{A3852498-51BF-4A24-B720-F69D2E5E6403} = {A3852498-51BF-4A24-B720-F69D2E5E6403}
	EndProjectSection
EndProject
Project("{8BC9CEB8-8B4A-11D0-8D11-00A0C91BC942}") = "Notepad2eTests", "test\Extension\Notepad2eTests.vcxproj", "{A3852498-51BF-4A24-B720-F69D2E5E6403}"
EndProject
Global
	GlobalSection(SolutionConfigurationPlatforms) = preSolution
		Debug ICU|x64 = Debug ICU|x64
		Debug ICU|x86 = Debug ICU|x86
		Debug LPeg|x64 = Debug LPeg|x64
		Debug LPeg|x86 = Debug LPeg|x86
		Debug|x64 = Debug|x64
		Debug|x86 = Debug|x86
		Release ICU LPeg|x64 = Release ICU LPeg|x64
		Release ICU LPeg|x86 = Release ICU LPeg|x86
		Release ICU|x64 = Release ICU|x64
		Release ICU|x86 = Release ICU|x86
		Release LPeg|x64 = Release LPeg|x64
		Release LPeg|x86 = Release LPeg|x86
		Release|x64 = Release|x64
		Release|x86 = Release|x86
	EndGlobalSection
	GlobalSection(ProjectConfigurationPlatforms) = postSolution
		{B69A8C7E-A22D-45DA-9997-2D1403C7AEE8}.Debug ICU|x64.ActiveCfg = Debug ICU|x64
		{B69A8C7E-A22D-45DA-9997-2D1403C7AEE8}.Debug ICU|x64.Build.0 = Debug ICU|x64
		{B69A8C7E-A22D-45DA-9997-2D1403C7AEE8}.Debug ICU|x86.ActiveCfg = Debug ICU|Win32
		{B69A8C7E-A22D-45DA-9997-2D1403C7AEE8}.Debug ICU|x86.Build.0 = Debug ICU|Win32
		{B69A8C7E-A22D-45DA-9997-2D1403C7AEE8}.Debug LPeg|x64.ActiveCfg = Debug LPeg|x64
		{B69A8C7E-A22D-45DA-9997-2D1403C7AEE8}.Debug LPeg|x64.Build.0 = Debug LPeg|x64
		{B69A8C7E-A22D-45DA-9997-2D1403C7AEE8}.Debug LPeg|x86.ActiveCfg = Debug LPeg|Win32
		{B69A8C7E-A22D-45DA-9997-2D1403C7AEE8}.Debug LPeg|x86.Build.0 = Debug LPeg|Win32
		{B69A8C7E-A22D-45DA-9997-2D1403C7AEE8}.Debug|x64.ActiveCfg = Debug|x64
		{B69A8C7E-A22D-45DA-9997-2D1403C7AEE8}.Debug|x64.Build.0 = Debug|x64
		{B69A8C7E-A22D-45DA-9997-2D1403C7AEE8}.Debug|x86.ActiveCfg = Debug|Win32
		{B69A8C7E-A22D-45DA-9997-2D1403C7AEE8}.Debug|x86.Build.0 = Debug|Win32
		{B69A8C7E-A22D-45DA-9997-2D1403C7AEE8}.Release ICU LPeg|x64.ActiveCfg = Release ICU LPeg|x64
		{B69A8C7E-A22D-45DA-9997-2D1403C7AEE8}.Release ICU LPeg|x64.Build.0 = Release ICU LPeg|x64
		{B69A8C7E-A22D-45DA-9997-2D1403C7AEE8}.Release ICU LPeg|x86.ActiveCfg = Release ICU LPeg|Win32
		{B69A8C7E-A22D-45DA-9997-2D1403C7AEE8}.Release ICU LPeg|x86.Build.0 = Release ICU LPeg|Win32
		{B69A8C7E-A22D-45DA-9997-2D1403C7AEE8}.Release ICU|x64.ActiveCfg = Release ICU|x64
		{B69A8C7E-A22D-45DA-9997-2D1403C7AEE8}.Release ICU|x64.Build.0 = Release ICU|x64
		{B69A8C7E-A22D-45DA-9997-2D1403C7AEE8}.Release ICU|x86.ActiveCfg = Release ICU|Win32
		{B69A8C7E-A22D-45DA-9997-2D1403C7AEE8}.Release ICU|x86.Build.0 = Release ICU|Win32
		{B69A8C7E-A22D-45DA-9997-2D1403C7AEE8}.Release LPeg|x64.ActiveCfg = Release LPeg|x64
		{B69A8C7E-A22D-45DA-9997-2D1403C7AEE8}.Release LPeg|x64.Build.0 = Release LPeg|x64
		{B69A8C7E-A22D-45DA-9997-2D1403C7AEE8}.Release LPeg|x86.ActiveCfg = Release LPeg|Win32
		{B69A8C7E-A22D-45DA-9997-2D1403C7AEE8}.Release LPeg|x86.Build.0 = Release LPeg|Win32
		{B69A8C7E-A22D-45DA-9997-2D1403C7AEE8}.Release|x64.ActiveCfg = Release|x64
		{B69A8C7E-A22D-45DA-9997-2D1403C7AEE8}.Release|x64.Build.0 = Release|x64
		{B69A8C7E-A22D-45DA-9997-2D1403C7AEE8}.Release|x86.ActiveCfg = Release|Win32
		{B69A8C7E-A22D-45DA-9997-2D1403C7AEE8}.Release|x86.Build.0 = Release|Win32
		{A3852498-51BF-4A24-B720-F69D2E5E6403}.Debug ICU|x64.ActiveCfg = Debug|x64
		{A3852498-51BF-4A24-B720-F69D2E5E6403}.Debug ICU|x64.Build.0 = Debug|x64
		{A3852498-51BF-4A24-B720-F69D2E5E6403}.Debug ICU|x86.ActiveCfg = Debug|Win32
		{A3852498-51BF-4A24-B720-F69D2E5E6403}.Debug ICU|x86.Build.0 = Debug|Win32
		{A3852498-51BF-4A24-B720-F69D2E5E6403}.Debug LPeg|x64.ActiveCfg = Debug|x64
		{A3852498-51BF-4A24-B720-F69D2E5E6403}.Debug LPeg|x64.Build.0 = Debug|x64
		{A3852498-51BF-4A24-B720-F69D2E5E6403}.Debug LPeg|x86.ActiveCfg = Debug|Win32
		{A3852498-51BF-4A24-B720-F69D2E5E6403}.Debug LPeg|x86.Build.0 = Debug|Win32
		{A3852498-51BF-4A24-B720-F69D2E5E6403}.Debug|x64.ActiveCfg = Debug|x64
		{A3852498-51BF-4A24-B720-F69D2E5E6403}.Debug|x64.Build.0 = Debug|x64
		{A3852498-51BF-4A24-B720-F69D2E5E6403}.Debug|x86.ActiveCfg = Debug|Win32
		{A3852498-51BF-4A24-B720-F69D2E5E6403}.Debug|x86.Build.0 = Debug|Win32
		{A3852498-51BF-4A24-B720-F69D2E5E6403}.Release ICU LPeg|x64.ActiveCfg = Release|x64
		{A3852498-51BF-4A24-B720-F69D2E5E6403}.Release ICU LPeg|x86.ActiveCfg = Release|Win32
		{A3852498-51BF-4A24-B720-F69D2E5E6403}.Release ICU|x64.ActiveCfg = Release|x64
		{A3852498-51BF-4A24-B720-F69D2E5E6403}.Release ICU|x86.ActiveCfg = Release|Win32
		{A3852498-51BF-4A24-B720-F69D2E5E6403}.Release LPeg|x64.ActiveCfg = Release|x64
		{A3852498-51BF-4A24-B720-F69D2E5E6403}.Release LPeg|x86.ActiveCfg = Release|Win32
		{A3852498-51BF-4A24-B720-F69D2E5E6403}.Release|x64.ActiveCfg = Release|x64
		{A3852498-51BF-4A24-B720-F69D2E5E6403}.Release|x86.ActiveCfg = Release|Win32
	EndGlobalSection
	GlobalSection(SolutionProperties) = preSolution
		HideSolutionNode = FALSE
	EndGlobalSection
EndGlobal
